
Microsoft Visual Studio Solution File, Format Version 12.00
# Visual Studio 15
Project("{FAE04EC0-301F-11D3-BF4B-00C04F79EFBC}") = "Realtime.PCL", "Realtime.PCL\Realtime.PCL.csproj", "{B996763A-54C1-4CF2-8257-6AEA819A29F9}"
EndProject
Project("{FAE04EC0-301F-11D3-BF4B-00C04F79EFBC}") = "Test", "Test\Test.csproj", "{D33E7C91-7FD2-4083-B980-3B4E3A155FB8}"
EndProject
Global
	GlobalSection(SolutionConfigurationPlatforms) = preSolution
		Debug|Any CPU = Debug|Any CPU
		Release|Any CPU = Release|Any CPU
	EndGlobalSection
	GlobalSection(ProjectConfigurationPlatforms) = postSolution
		{B996763A-54C1-4CF2-8257-6AEA819A29F9}.Debug|Any CPU.ActiveCfg = Debug|Any CPU
		{B996763A-54C1-4CF2-8257-6AEA819A29F9}.Debug|Any CPU.Build.0 = Debug|Any CPU
		{B996763A-54C1-4CF2-8257-6AEA819A29F9}.Release|Any CPU.ActiveCfg = Release|Any CPU
		{B996763A-54C1-4CF2-8257-6AEA819A29F9}.Release|Any CPU.Build.0 = Release|Any CPU
		{D33E7C91-7FD2-4083-B980-3B4E3A155FB8}.Debug|Any CPU.ActiveCfg = Debug|Any CPU
		{D33E7C91-7FD2-4083-B980-3B4E3A155FB8}.Debug|Any CPU.Build.0 = Debug|Any CPU
		{D33E7C91-7FD2-4083-B980-3B4E3A155FB8}.Release|Any CPU.ActiveCfg = Release|Any CPU
		{D33E7C91-7FD2-4083-B980-3B4E3A155FB8}.Release|Any CPU.Build.0 = Release|Any CPU
	EndGlobalSection
EndGlobal
